
Microsoft Visual Studio Solution File, Format Version 12.00
# Visual Studio Version 16
VisualStudioVersion = 16.0.29009.5
MinimumVisualStudioVersion = 10.0.40219.1
Project("{8BC9CEB8-8B4A-11D0-8D11-00A0C91BC942}") = "ConsoleApplication_Trial", "ConsoleApplication_Trial\ConsoleApplication_Trial.vcxproj", "{4C7BE953-AE6A-431E-AA8A-6BB509187768}"
EndProject
Project("{8BC9CEB8-8B4A-11D0-8D11-00A0C91BC942}") = "Lesson_4", "Lesson_4\Lesson_4.vcxproj", "{1F53A096-C37C-4DD4-8C72-66BA61F09742}"
EndProject
Project("{8BC9CEB8-8B4A-11D0-8D11-00A0C91BC942}") = "Lesson_5", "Lesson_5\Lesson_5.vcxproj", "{4000C3F7-BECD-4561-A2E9-53C5EDCA7749}"
EndProject
Global
	GlobalSection(SolutionConfigurationPlatforms) = preSolution
		Debug|x64 = Debug|x64
		Debug|x86 = Debug|x86
		Release|x64 = Release|x64
		Release|x86 = Release|x86
	EndGlobalSection
	GlobalSection(ProjectConfigurationPlatforms) = postSolution
		{4C7BE953-AE6A-431E-AA8A-6BB509187768}.Debug|x64.ActiveCfg = Debug|x64
		{4C7BE953-AE6A-431E-AA8A-6BB509187768}.Debug|x64.Build.0 = Debug|x64
		{4C7BE953-AE6A-431E-AA8A-6BB509187768}.Debug|x86.ActiveCfg = Debug|Win32
		{4C7BE953-AE6A-431E-AA8A-6BB509187768}.Debug|x86.Build.0 = Debug|Win32
		{4C7BE953-AE6A-431E-AA8A-6BB509187768}.Release|x64.ActiveCfg = Release|x64
		{4C7BE953-AE6A-431E-AA8A-6BB509187768}.Release|x64.Build.0 = Release|x64
		{4C7BE953-AE6A-431E-AA8A-6BB509187768}.Release|x86.ActiveCfg = Release|Win32
		{4C7BE953-AE6A-431E-AA8A-6BB509187768}.Release|x86.Build.0 = Release|Win32
		{1F53A096-C37C-4DD4-8C72-66BA61F09742}.Debug|x64.ActiveCfg = Debug|x64
		{1F53A096-C37C-4DD4-8C72-66BA61F09742}.Debug|x64.Build.0 = Debug|x64
		{1F53A096-C37C-4DD4-8C72-66BA61F09742}.Debug|x86.ActiveCfg = Debug|Win32
		{1F53A096-C37C-4DD4-8C72-66BA61F09742}.Debug|x86.Build.0 = Debug|Win32
		{1F53A096-C37C-4DD4-8C72-66BA61F09742}.Release|x64.ActiveCfg = Release|x64
		{1F53A096-C37C-4DD4-8C72-66BA61F09742}.Release|x64.Build.0 = Release|x64
		{1F53A096-C37C-4DD4-8C72-66BA61F09742}.Release|x86.ActiveCfg = Release|Win32
		{1F53A096-C37C-4DD4-8C72-66BA61F09742}.Release|x86.Build.0 = Release|Win32
		{4000C3F7-BECD-4561-A2E9-53C5EDCA7749}.Debug|x64.ActiveCfg = Debug|x64
		{4000C3F7-BECD-4561-A2E9-53C5EDCA7749}.Debug|x64.Build.0 = Debug|x64
		{4000C3F7-BECD-4561-A2E9-53C5EDCA7749}.Debug|x86.ActiveCfg = Debug|Win32
		{4000C3F7-BECD-4561-A2E9-53C5EDCA7749}.Debug|x86.Build.0 = Debug|Win32
		{4000C3F7-BECD-4561-A2E9-53C5EDCA7749}.Release|x64.ActiveCfg = Release|x64
		{4000C3F7-BECD-4561-A2E9-53C5EDCA7749}.Release|x64.Build.0 = Release|x64
		{4000C3F7-BECD-4561-A2E9-53C5EDCA7749}.Release|x86.ActiveCfg = Release|Win32
		{4000C3F7-BECD-4561-A2E9-53C5EDCA7749}.Release|x86.Build.0 = Release|Win32
	EndGlobalSection
	GlobalSection(SolutionProperties) = preSolution
		HideSolutionNode = FALSE
	EndGlobalSection
	GlobalSection(ExtensibilityGlobals) = postSolution
		SolutionGuid = {77B588C2-DFF0-4C5B-A634-2255000C9434}
	EndGlobalSection
EndGlobal
